
Microsoft Visual Studio Solution File, Format Version 12.00
# Visual Studio Version 17
VisualStudioVersion = 17.6.33829.357
MinimumVisualStudioVersion = 10.0.40219.1
Project("{FAE04EC0-301F-11D3-BF4B-00C04F79EFBC}") = "CalculadoraCerto1", "CalculadoraCerto1\CalculadoraCerto1.csproj", "{012B49D2-2BC0-49DD-B43C-19C3B689CF63}"
EndProject
Global
	GlobalSection(SolutionConfigurationPlatforms) = preSolution
		Debug|Any CPU = Debug|Any CPU
		Release|Any CPU = Release|Any CPU
	EndGlobalSection
	GlobalSection(ProjectConfigurationPlatforms) = postSolution
		{012B49D2-2BC0-49DD-B43C-19C3B689CF63}.Debug|Any CPU.ActiveCfg = Debug|Any CPU
		{012B49D2-2BC0-49DD-B43C-19C3B689CF63}.Debug|Any CPU.Build.0 = Debug|Any CPU
		{012B49D2-2BC0-49DD-B43C-19C3B689CF63}.Release|Any CPU.ActiveCfg = Release|Any CPU
		{012B49D2-2BC0-49DD-B43C-19C3B689CF63}.Release|Any CPU.Build.0 = Release|Any CPU
	EndGlobalSection
	GlobalSection(SolutionProperties) = preSolution
		HideSolutionNode = FALSE
	EndGlobalSection
	GlobalSection(ExtensibilityGlobals) = postSolution
		SolutionGuid = {67CFF4C1-84B4-4FBD-A772-D44DDC5B7A8C}
	EndGlobalSection
EndGlobal
